
Microsoft Visual Studio Solution File, Format Version 12.00
# Visual Studio 2013
VisualStudioVersion = 12.0.31101.0
MinimumVisualStudioVersion = 10.0.40219.1
Project("{FAE04EC0-301F-11D3-BF4B-00C04F79EFBC}") = "EHkspenriment2.Objects", "Objects/EHkspenriment2.Objects.csproj", "{29AA534E-B448-4F9A-AB00-5955921AAA05}"
EndProject
Project("{FAE04EC0-301F-11D3-BF4B-00C04F79EFBC}") = "EHkspenriment2.ODataBackend", "ODataBackend/EHkspenriment2.ODataBackend.csproj", "{A01F776C-F6E2-4476-AA7C-B6A2FFF6639E}"
EndProject
Global
	GlobalSection(SolutionConfigurationPlatforms) = preSolution
Debug|Any CPU = Debug|Any CPU
Release|Any CPU = Release|Any CPU
	EndGlobalSection
	GlobalSection(ProjectConfigurationPlatforms) = postSolution
		{29AA534E-B448-4F9A-AB00-5955921AAA05}.Debug|Any CPU.ActiveCfg = Debug|Any CPU
		{29AA534E-B448-4F9A-AB00-5955921AAA05}.Debug|Any CPU.Build.0 = Debug|Any CPU
		{29AA534E-B448-4F9A-AB00-5955921AAA05}.Release|Any CPU.ActiveCfg = Release|Any CPU
		{29AA534E-B448-4F9A-AB00-5955921AAA05}.Release|Any CPU.Build.0 = Release|Any CPU
		{A01F776C-F6E2-4476-AA7C-B6A2FFF6639E}.Debug|Any CPU.ActiveCfg = Debug|Any CPU
		{A01F776C-F6E2-4476-AA7C-B6A2FFF6639E}.Debug|Any CPU.Build.0 = Debug|Any CPU
		{A01F776C-F6E2-4476-AA7C-B6A2FFF6639E}.Release|Any CPU.ActiveCfg = Release|Any CPU
		{A01F776C-F6E2-4476-AA7C-B6A2FFF6639E}.Release|Any CPU.Build.0 = Release|Any CPU
	EndGlobalSection
	GlobalSection(SolutionProperties) = preSolution
		HideSolutionNode = FALSE
	EndGlobalSection
EndGlobal
